// !$*UTF8*$!
{
	archiveVersion = 1;
	classes = {
	};
	objectVersion = 77;
	objects = {

/* Begin PBXBuildFile section */
		2957E2142D99454600FD00A1 /* FirebaseAnalytics in Frameworks */ = {isa = PBXBuildFile; productRef = 2957E2132D99454600FD00A1 /* FirebaseAnalytics */; };
		2957E2162D99454600FD00A1 /* FirebaseAnalyticsOnDeviceConversion in Frameworks */ = {isa = PBXBuildFile; productRef = 2957E2152D99454600FD00A1 /* FirebaseAnalyticsOnDeviceConversion */; };
		2957E2182D99454600FD00A1 /* FirebaseAnalyticsWithoutAdIdSupport in Frameworks */ = {isa = PBXBuildFile; productRef = 2957E2172D99454600FD00A1 /* FirebaseAnalyticsWithoutAdIdSupport */; };
		2957E21A2D99454600FD00A1 /* FirebaseAppCheck in Frameworks */ = {isa = PBXBuildFile; productRef = 2957E2192D99454600FD00A1 /* FirebaseAppCheck */; };
		2957E21C2D99454600FD00A1 /* FirebaseAppDistribution-Beta in Frameworks */ = {isa = PBXBuildFile; productRef = 2957E21B2D99454600FD00A1 /* FirebaseAppDistribution-Beta */; };
		2957E21E2D99454600FD00A1 /* FirebaseAuthCombine-Community in Frameworks */ = {isa = PBXBuildFile; productRef = 2957E21D2D99454600FD00A1 /* FirebaseAuthCombine-Community */; };
		2986F85C2D97B09E0064983F /* FirebaseCore in Frameworks */ = {isa = PBXBuildFile; productRef = 2986F85B2D97B09E0064983F /* FirebaseCore */; };
		2986F85E2D97B0A40064983F /* FirebaseAuth in Frameworks */ = {isa = PBXBuildFile; productRef = 2986F85D2D97B0A40064983F /* FirebaseAuth */; };
		2986F8602D97B0AA0064983F /* FirebaseFirestore in Frameworks */ = {isa = PBXBuildFile; productRef = 2986F85F2D97B0AA0064983F /* FirebaseFirestore */; };
		299BBF032D97EF8500AF9C8C /* FirebaseDatabase in Frameworks */ = {isa = PBXBuildFile; productRef = 299BBF022D97EF8500AF9C8C /* FirebaseDatabase */; };
/* End PBXBuildFile section */

/* Begin PBXContainerItemProxy section */
		29E59A2B2D9672B90078E29B /* PBXContainerItemProxy */ = {
			isa = PBXContainerItemProxy;
			containerPortal = 29E59A102D9672B60078E29B /* Project object */;
			proxyType = 1;
			remoteGlobalIDString = 29E59A172D9672B60078E29B;
			remoteInfo = ECG_Pi;
		};
		29E59A352D9672B90078E29B /* PBXContainerItemProxy */ = {
			isa = PBXContainerItemProxy;
			containerPortal = 29E59A102D9672B60078E29B /* Project object */;
			proxyType = 1;
			remoteGlobalIDString = 29E59A172D9672B60078E29B;
			remoteInfo = ECG_Pi;
		};
/* End PBXContainerItemProxy section */

/* Begin PBXFileReference section */
		29E59A182D9672B60078E29B /* ECG_Pi.app */ = {isa = PBXFileReference; explicitFileType = wrapper.application; includeInIndex = 0; path = ECG_Pi.app; sourceTree = BUILT_PRODUCTS_DIR; };
		29E59A2A2D9672B90078E29B /* ECG_PiTests.xctest */ = {isa = PBXFileReference; explicitFileType = wrapper.cfbundle; includeInIndex = 0; path = ECG_PiTests.xctest; sourceTree = BUILT_PRODUCTS_DIR; };
		29E59A342D9672B90078E29B /* ECG_PiUITests.xctest */ = {isa = PBXFileReference; explicitFileType = wrapper.cfbundle; includeInIndex = 0; path = ECG_PiUITests.xctest; sourceTree = BUILT_PRODUCTS_DIR; };
/* End PBXFileReference section */

/* Begin PBXFileSystemSynchronizedRootGroup section */
		29E59A1A2D9672B60078E29B /* ECG_Pi */ = {
			isa = PBXFileSystemSynchronizedRootGroup;
			path = ECG_Pi;
			sourceTree = "<group>";
		};
		29E59A2D2D9672B90078E29B /* ECG_PiTests */ = {
			isa = PBXFileSystemSynchronizedRootGroup;
			path = ECG_PiTests;
			sourceTree = "<group>";
		};
		29E59A372D9672B90078E29B /* ECG_PiUITests */ = {
			isa = PBXFileSystemSynchronizedRootGroup;
			path = ECG_PiUITests;
			sourceTree = "<group>";
		};
/* End PBXFileSystemSynchronizedRootGroup section */

/* Begin PBXFrameworksBuildPhase section */
		29E59A152D9672B60078E29B /* Frameworks */ = {
			isa = PBXFrameworksBuildPhase;
			buildActionMask = 2147483647;
			files = (
				2957E2142D99454600FD00A1 /* FirebaseAnalytics in Frameworks */,
				2986F85C2D97B09E0064983F /* FirebaseCore in Frameworks */,
				2986F85E2D97B0A40064983F /* FirebaseAuth in Frameworks */,
				299BBF032D97EF8500AF9C8C /* FirebaseDatabase in Frameworks */,
				2986F8602D97B0AA0064983F /* FirebaseFirestore in Frameworks */,
				2957E21E2D99454600FD00A1 /* FirebaseAuthCombine-Community in Frameworks */,
				2957E2182D99454600FD00A1 /* FirebaseAnalyticsWithoutAdIdSupport in Frameworks */,
				2957E21A2D99454600FD00A1 /* FirebaseAppCheck in Frameworks */,
				2957E21C2D99454600FD00A1 /* FirebaseAppDistribution-Beta in Frameworks */,
				2957E2162D99454600FD00A1 /* FirebaseAnalyticsOnDeviceConversion in Frameworks */,
			);
			runOnlyForDeploymentPostprocessing = 0;
		};
		29E59A272D9672B90078E29B /* Frameworks */ = {
			isa = PBXFrameworksBuildPhase;
			buildActionMask = 2147483647;
			files = (
			);
			runOnlyForDeploymentPostprocessing = 0;
		};
		29E59A312D9672B90078E29B /* Frameworks */ = {
			isa = PBXFrameworksBuildPhase;
			buildActionMask = 2147483647;
			files = (
			);
			runOnlyForDeploymentPostprocessing = 0;
		};
/* End PBXFrameworksBuildPhase section */

/* Begin PBXGroup section */
		2986F85A2D97B09E0064983F /* Frameworks */ = {
			isa = PBXGroup;
			children = (
			);
			name = Frameworks;
			sourceTree = "<group>";
		};
		29E59A0F2D9672B60078E29B = {
			isa = PBXGroup;
			children = (
				29E59A1A2D9672B60078E29B /* ECG_Pi */,
				29E59A2D2D9672B90078E29B /* ECG_PiTests */,
				29E59A372D9672B90078E29B /* ECG_PiUITests */,
				2986F85A2D97B09E0064983F /* Frameworks */,
				29E59A192D9672B60078E29B /* Products */,
			);
			sourceTree = "<group>";
		};
		29E59A192D9672B60078E29B /* Products */ = {
			isa = PBXGroup;
			children = (
				29E59A182D9672B60078E29B /* ECG_Pi.app */,
				29E59A2A2D9672B90078E29B /* ECG_PiTests.xctest */,
				29E59A342D9672B90078E29B /* ECG_PiUITests.xctest */,
			);
			name = Products;
			sourceTree = "<group>";
		};
/* End PBXGroup section */

/* Begin PBXNativeTarget section */
		29E59A172D9672B60078E29B /* ECG_Pi */ = {
			isa = PBXNativeTarget;
			buildConfigurationList = 29E59A3E2D9672B90078E29B /* Build configuration list for PBXNativeTarget "ECG_Pi" */;
			buildPhases = (
				29E59A142D9672B60078E29B /* Sources */,
				29E59A152D9672B60078E29B /* Frameworks */,
				29E59A162D9672B60078E29B /* Resources */,
			);
			buildRules = (
			);
			dependencies = (
			);
			fileSystemSynchronizedGroups = (
				29E59A1A2D9672B60078E29B /* ECG_Pi */,
			);
			name = ECG_Pi;
			packageProductDependencies = (
				2986F85B2D97B09E0064983F /* FirebaseCore */,
				2986F85D2D97B0A40064983F /* FirebaseAuth */,
				2986F85F2D97B0AA0064983F /* FirebaseFirestore */,
				299BBF022D97EF8500AF9C8C /* FirebaseDatabase */,
				2957E2132D99454600FD00A1 /* FirebaseAnalytics */,
				2957E2152D99454600FD00A1 /* FirebaseAnalyticsOnDeviceConversion */,
				2957E2172D99454600FD00A1 /* FirebaseAnalyticsWithoutAdIdSupport */,
				2957E2192D99454600FD00A1 /* FirebaseAppCheck */,
				2957E21B2D99454600FD00A1 /* FirebaseAppDistribution-Beta */,
				2957E21D2D99454600FD00A1 /* FirebaseAuthCombine-Community */,
			);
			productName = ECG_Pi;
			productReference = 29E59A182D9672B60078E29B /* ECG_Pi.app */;
			productType = "com.apple.product-type.application";
		};
		29E59A292D9672B90078E29B /* ECG_PiTests */ = {
			isa = PBXNativeTarget;
			buildConfigurationList = 29E59A412D9672B90078E29B /* Build configuration list for PBXNativeTarget "ECG_PiTests" */;
			buildPhases = (
				29E59A262D9672B90078E29B /* Sources */,
				29E59A272D9672B90078E29B /* Frameworks */,
				29E59A282D9672B90078E29B /* Resources */,
			);
			buildRules = (
			);
			dependencies = (
				29E59A2C2D9672B90078E29B /* PBXTargetDependency */,
			);
			fileSystemSynchronizedGroups = (
				29E59A2D2D9672B90078E29B /* ECG_PiTests */,
			);
			name = ECG_PiTests;
			packageProductDependencies = (
			);
			productName = ECG_PiTests;
			productReference = 29E59A2A2D9672B90078E29B /* ECG_PiTests.xctest */;
			productType = "com.apple.product-type.bundle.unit-test";
		};
		29E59A332D9672B90078E29B /* ECG_PiUITests */ = {
			isa = PBXNativeTarget;
			buildConfigurationList = 29E59A442D9672B90078E29B /* Build configuration list for PBXNativeTarget "ECG_PiUITests" */;
			buildPhases = (
				29E59A302D9672B90078E29B /* Sources */,
				29E59A312D9672B90078E29B /* Frameworks */,
				29E59A322D9672B90078E29B /* Resources */,
			);
			buildRules = (
			);
			dependencies = (
				29E59A362D9672B90078E29B /* PBXTargetDependency */,
			);
			fileSystemSynchronizedGroups = (
				29E59A372D9672B90078E29B /* ECG_PiUITests */,
			);
			name = ECG_PiUITests;
			packageProductDependencies = (
			);
			productName = ECG_PiUITests;
			productReference = 29E59A342D9672B90078E29B /* ECG_PiUITests.xctest */;
			productType = "com.apple.product-type.bundle.ui-testing";
		};
/* End PBXNativeTarget section */

/* Begin PBXProject section */
		29E59A102D9672B60078E29B /* Project object */ = {
			isa = PBXProject;
			attributes = {
				BuildIndependentTargetsInParallel = 1;
				LastSwiftUpdateCheck = 1620;
				LastUpgradeCheck = 1620;
				TargetAttributes = {
					29E59A172D9672B60078E29B = {
						CreatedOnToolsVersion = 16.2;
					};
					29E59A292D9672B90078E29B = {
						CreatedOnToolsVersion = 16.2;
						TestTargetID = 29E59A172D9672B60078E29B;
					};
					29E59A332D9672B90078E29B = {
						CreatedOnToolsVersion = 16.2;
						TestTargetID = 29E59A172D9672B60078E29B;
					};
				};
			};
			buildConfigurationList = 29E59A132D9672B60078E29B /* Build configuration list for PBXProject "ECG_Pi" */;
			developmentRegion = en;
			hasScannedForEncodings = 0;
			knownRegions = (
				en,
				Base,
			);
			mainGroup = 29E59A0F2D9672B60078E29B;
			minimizedProjectReferenceProxies = 1;
			packageReferences = (
				297F17762D9686CD003B78E0 /* XCRemoteSwiftPackageReference "firebase-ios-sdk" */,
			);
			preferredProjectObjectVersion = 77;
			productRefGroup = 29E59A192D9672B60078E29B /* Products */;
			projectDirPath = "";
			projectRoot = "";
			targets = (
				29E59A172D9672B60078E29B /* ECG_Pi */,
				29E59A292D9672B90078E29B /* ECG_PiTests */,
				29E59A332D9672B90078E29B /* ECG_PiUITests */,
			);
		};
/* End PBXProject section */

/* Begin PBXResourcesBuildPhase section */
		29E59A162D9672B60078E29B /* Resources */ = {
			isa = PBXResourcesBuildPhase;
			buildActionMask = 2147483647;
			files = (
			);
			runOnlyForDeploymentPostprocessing = 0;
		};
		29E59A282D9672B90078E29B /* Resources */ = {
			isa = PBXResourcesBuildPhase;
			buildActionMask = 2147483647;
			files = (
			);
			runOnlyForDeploymentPostprocessing = 0;
		};
		29E59A322D9672B90078E29B /* Resources */ = {
			isa = PBXResourcesBuildPhase;
			buildActionMask = 2147483647;
			files = (
			);
			runOnlyForDeploymentPostprocessing = 0;
		};
/* End PBXResourcesBuildPhase section */

/* Begin PBXSourcesBuildPhase section */
		29E59A142D9672B60078E29B /* Sources */ = {
			isa = PBXSourcesBuildPhase;
			buildActionMask = 2147483647;
			files = (
			);
			runOnlyForDeploymentPostprocessing = 0;
		};
		29E59A262D9672B90078E29B /* Sources */ = {
			isa = PBXSourcesBuildPhase;
			buildActionMask = 2147483647;
			files = (
			);
			runOnlyForDeploymentPostprocessing = 0;
		};
		29E59A302D9672B90078E29B /* Sources */ = {
			isa = PBXSourcesBuildPhase;
			buildActionMask = 2147483647;
			files = (
			);
			runOnlyForDeploymentPostprocessing = 0;
		};
/* End PBXSourcesBuildPhase section */

/* Begin PBXTargetDependency section */
		29E59A2C2D9672B90078E29B /* PBXTargetDependency */ = {
			isa = PBXTargetDependency;
			target = 29E59A172D9672B60078E29B /* ECG_Pi */;
			targetProxy = 29E59A2B2D9672B90078E29B /* PBXContainerItemProxy */;
		};
		29E59A362D9672B90078E29B /* PBXTargetDependency */ = {
			isa = PBXTargetDependency;
			target = 29E59A172D9672B60078E29B /* ECG_Pi */;
			targetProxy = 29E59A352D9672B90078E29B /* PBXContainerItemProxy */;
		};
/* End PBXTargetDependency section */

/* Begin XCBuildConfiguration section */
		29E59A3C2D9672B90078E29B /* Debug */ = {
			isa = XCBuildConfiguration;
			buildSettings = {
				ALWAYS_SEARCH_USER_PATHS = NO;
				ASSETCATALOG_COMPILER_GENERATE_SWIFT_ASSET_SYMBOL_EXTENSIONS = YES;
				CLANG_ANALYZER_NONNULL = YES;
				CLANG_ANALYZER_NUMBER_OBJECT_CONVERSION = YES_AGGRESSIVE;
				CLANG_CXX_LANGUAGE_STANDARD = "gnu++20";
				CLANG_ENABLE_MODULES = YES;
				CLANG_ENABLE_OBJC_ARC = YES;
				CLANG_ENABLE_OBJC_WEAK = YES;
				CLANG_WARN_BLOCK_CAPTURE_AUTORELEASING = YES;
				CLANG_WARN_BOOL_CONVERSION = YES;
				CLANG_WARN_COMMA = YES;
				CLANG_WARN_CONSTANT_CONVERSION = YES;
				CLANG_WARN_DEPRECATED_OBJC_IMPLEMENTATIONS = YES;
				CLANG_WARN_DIRECT_OBJC_ISA_USAGE = YES_ERROR;
				CLANG_WARN_DOCUMENTATION_COMMENTS = YES;
				CLANG_WARN_EMPTY_BODY = YES;
				CLANG_WARN_ENUM_CONVERSION = YES;
				CLANG_WARN_INFINITE_RECURSION = YES;
				CLANG_WARN_INT_CONVERSION = YES;
				CLANG_WARN_NON_LITERAL_NULL_CONVERSION = YES;
				CLANG_WARN_OBJC_IMPLICIT_RETAIN_SELF = YES;
				CLANG_WARN_OBJC_LITERAL_CONVERSION = YES;
				CLANG_WARN_OBJC_ROOT_CLASS = YES_ERROR;
				CLANG_WARN_QUOTED_INCLUDE_IN_FRAMEWORK_HEADER = YES;
				CLANG_WARN_RANGE_LOOP_ANALYSIS = YES;
				CLANG_WARN_STRICT_PROTOTYPES = YES;
				CLANG_WARN_SUSPICIOUS_MOVE = YES;
				CLANG_WARN_UNGUARDED_AVAILABILITY = YES_AGGRESSIVE;
				CLANG_WARN_UNREACHABLE_CODE = YES;
				CLANG_WARN__DUPLICATE_METHOD_MATCH = YES;
				COPY_PHASE_STRIP = NO;
				DEBUG_INFORMATION_FORMAT = dwarf;
				ENABLE_STRICT_OBJC_MSGSEND = YES;
				ENABLE_TESTABILITY = YES;
				ENABLE_USER_SCRIPT_SANDBOXING = YES;
				GCC_C_LANGUAGE_STANDARD = gnu17;
				GCC_DYNAMIC_NO_PIC = NO;
				GCC_NO_COMMON_BLOCKS = YES;
				GCC_OPTIMIZATION_LEVEL = 0;
				GCC_PREPROCESSOR_DEFINITIONS = (
					"DEBUG=1",
					"$(inherited)",
				);
				GCC_WARN_64_TO_32_BIT_CONVERSION = YES;
				GCC_WARN_ABOUT_RETURN_TYPE = YES_ERROR;
				GCC_WARN_UNDECLARED_SELECTOR = YES;
				GCC_WARN_UNINITIALIZED_AUTOS = YES_AGGRESSIVE;
				GCC_WARN_UNUSED_FUNCTION = YES;
				GCC_WARN_UNUSED_VARIABLE = YES;
				IPHONEOS_DEPLOYMENT_TARGET = 18.2;
				LOCALIZATION_PREFERS_STRING_CATALOGS = YES;
				MTL_ENABLE_DEBUG_INFO = INCLUDE_SOURCE;
				MTL_FAST_MATH = YES;
				ONLY_ACTIVE_ARCH = YES;
				SDKROOT = iphoneos;
				SWIFT_ACTIVE_COMPILATION_CONDITIONS = "DEBUG $(inherited)";
				SWIFT_OPTIMIZATION_LEVEL = "-Onone";
			};
			name = Debug;
		};
		29E59A3D2D9672B90078E29B /* Release */ = {
			isa = XCBuildConfiguration;
			buildSettings = {
				ALWAYS_SEARCH_USER_PATHS = NO;
				ASSETCATALOG_COMPILER_GENERATE_SWIFT_ASSET_SYMBOL_EXTENSIONS = YES;
				CLANG_ANALYZER_NONNULL = YES;
				CLANG_ANALYZER_NUMBER_OBJECT_CONVERSION = YES_AGGRESSIVE;
				CLANG_CXX_LANGUAGE_STANDARD = "gnu++20";
				CLANG_ENABLE_MODULES = YES;
				CLANG_ENABLE_OBJC_ARC = YES;
				CLANG_ENABLE_OBJC_WEAK = YES;
				CLANG_WARN_BLOCK_CAPTURE_AUTORELEASING = YES;
				CLANG_WARN_BOOL_CONVERSION = YES;
				CLANG_WARN_COMMA = YES;
				CLANG_WARN_CONSTANT_CONVERSION = YES;
				CLANG_WARN_DEPRECATED_OBJC_IMPLEMENTATIONS = YES;
				CLANG_WARN_DIRECT_OBJC_ISA_USAGE = YES_ERROR;
				CLANG_WARN_DOCUMENTATION_COMMENTS = YES;
				CLANG_WARN_EMPTY_BODY = YES;
				CLANG_WARN_ENUM_CONVERSION = YES;
				CLANG_WARN_INFINITE_RECURSION = YES;
				CLANG_WARN_INT_CONVERSION = YES;
				CLANG_WARN_NON_LITERAL_NULL_CONVERSION = YES;
				CLANG_WARN_OBJC_IMPLICIT_RETAIN_SELF = YES;
				CLANG_WARN_OBJC_LITERAL_CONVERSION = YES;
				CLANG_WARN_OBJC_ROOT_CLASS = YES_ERROR;
				CLANG_WARN_QUOTED_INCLUDE_IN_FRAMEWORK_HEADER = YES;
				CLANG_WARN_RANGE_LOOP_ANALYSIS = YES;
				CLANG_WARN_STRICT_PROTOTYPES = YES;
				CLANG_WARN_SUSPICIOUS_MOVE = YES;
				CLANG_WARN_UNGUARDED_AVAILABILITY = YES_AGGRESSIVE;
				CLANG_WARN_UNREACHABLE_CODE = YES;
				CLANG_WARN__DUPLICATE_METHOD_MATCH = YES;
				COPY_PHASE_STRIP = NO;
				DEBUG_INFORMATION_FORMAT = "dwarf-with-dsym";
				ENABLE_NS_ASSERTIONS = NO;
				ENABLE_STRICT_OBJC_MSGSEND = YES;
				ENABLE_USER_SCRIPT_SANDBOXING = YES;
				GCC_C_LANGUAGE_STANDARD = gnu17;
				GCC_NO_COMMON_BLOCKS = YES;
				GCC_WARN_64_TO_32_BIT_CONVERSION = YES;
				GCC_WARN_ABOUT_RETURN_TYPE = YES_ERROR;
				GCC_WARN_UNDECLARED_SELECTOR = YES;
				GCC_WARN_UNINITIALIZED_AUTOS = YES_AGGRESSIVE;
				GCC_WARN_UNUSED_FUNCTION = YES;
				GCC_WARN_UNUSED_VARIABLE = YES;
				IPHONEOS_DEPLOYMENT_TARGET = 18.2;
				LOCALIZATION_PREFERS_STRING_CATALOGS = YES;
				MTL_ENABLE_DEBUG_INFO = NO;
				MTL_FAST_MATH = YES;
				SDKROOT = iphoneos;
				SWIFT_COMPILATION_MODE = wholemodule;
				VALIDATE_PRODUCT = YES;
			};
			name = Release;
		};
		29E59A3F2D9672B90078E29B /* Debug */ = {
			isa = XCBuildConfiguration;
			buildSettings = {
				ASSETCATALOG_COMPILER_APPICON_NAME = AppIcon;
				ASSETCATALOG_COMPILER_GLOBAL_ACCENT_COLOR_NAME = AccentColor;
				ASSETCATALOG_COMPILER_INCLUDE_ALL_APPICON_ASSETS = NO;
				CODE_SIGN_STYLE = Automatic;
				CURRENT_PROJECT_VERSION = 1;
				DEVELOPMENT_ASSET_PATHS = "\"ECG_Pi/Preview Content\"";
				DEVELOPMENT_TEAM = BYNS3YMTJL;
				ENABLE_PREVIEWS = YES;
				GENERATE_INFOPLIST_FILE = YES;
				INFOPLIST_FILE = "ECG-Pi-Info.plist";
				INFOPLIST_KEY_CFBundleDisplayName = Cardia;
				INFOPLIST_KEY_LSApplicationCategoryType = "public.app-category.healthcare-fitness";
				INFOPLIST_KEY_NSHumanReadableCopyright = "";
				INFOPLIST_KEY_UIApplicationSceneManifest_Generation = YES;
				INFOPLIST_KEY_UIApplicationSupportsIndirectInputEvents = YES;
				INFOPLIST_KEY_UILaunchStoryboardName = SplashSC.storyboard;
				INFOPLIST_KEY_UISupportedInterfaceOrientations = UIInterfaceOrientationPortrait;
				INFOPLIST_KEY_UISupportedInterfaceOrientations_iPad = "UIInterfaceOrientationLandscapeLeft UIInterfaceOrientationLandscapeRight UIInterfaceOrientationPortrait UIInterfaceOrientationPortraitUpsideDown";
				IPHONEOS_DEPLOYMENT_TARGET = 18.0;
				LD_RUNPATH_SEARCH_PATHS = (
					"$(inherited)",
					"@executable_path/Frameworks",
				);
				MARKETING_VERSION = 1.0;
				PRODUCT_BUNDLE_IDENTIFIER = "NateLabs.ECG-Pi";
				PRODUCT_NAME = "$(TARGET_NAME)";
				SUPPORTED_PLATFORMS = "iphoneos iphonesimulator";
				SUPPORTS_MACCATALYST = NO;
				SUPPORTS_MAC_DESIGNED_FOR_IPHONE_IPAD = NO;
				SUPPORTS_XR_DESIGNED_FOR_IPHONE_IPAD = NO;
				SWIFT_EMIT_LOC_STRINGS = YES;
				SWIFT_VERSION = 5.0;
				TARGETED_DEVICE_FAMILY = "1,2";
			};
			name = Debug;
		};
		29E59A402D9672B90078E29B /* Release */ = {
			isa = XCBuildConfiguration;
			buildSettings = {
				ASSETCATALOG_COMPILER_APPICON_NAME = AppIcon;
				ASSETCATALOG_COMPILER_GLOBAL_ACCENT_COLOR_NAME = AccentColor;
				ASSETCATALOG_COMPILER_INCLUDE_ALL_APPICON_ASSETS = NO;
				CODE_SIGN_STYLE = Automatic;
				CURRENT_PROJECT_VERSION = 1;
				DEVELOPMENT_ASSET_PATHS = "\"ECG_Pi/Preview Content\"";
				DEVELOPMENT_TEAM = BYNS3YMTJL;
				ENABLE_PREVIEWS = YES;
				GENERATE_INFOPLIST_FILE = YES;
				INFOPLIST_FILE = "ECG-Pi-Info.plist";
				INFOPLIST_KEY_CFBundleDisplayName = Cardia;
				INFOPLIST_KEY_LSApplicationCategoryType = "public.app-category.healthcare-fitness";
				INFOPLIST_KEY_NSHumanReadableCopyright = "";
				INFOPLIST_KEY_UIApplicationSceneManifest_Generation = YES;
				INFOPLIST_KEY_UIApplicationSupportsIndirectInputEvents = YES;
				INFOPLIST_KEY_UILaunchStoryboardName = SplashSC.storyboard;
				INFOPLIST_KEY_UISupportedInterfaceOrientations = UIInterfaceOrientationPortrait;
				INFOPLIST_KEY_UISupportedInterfaceOrientations_iPad = "UIInterfaceOrientationLandscapeLeft UIInterfaceOrientationLandscapeRight UIInterfaceOrientationPortrait UIInterfaceOrientationPortraitUpsideDown";
				IPHONEOS_DEPLOYMENT_TARGET = 18.0;
				LD_RUNPATH_SEARCH_PATHS = (
					"$(inherited)",
					"@executable_path/Frameworks",
				);
				MARKETING_VERSION = 1.0;
				PRODUCT_BUNDLE_IDENTIFIER = "NateLabs.ECG-Pi";
				PRODUCT_NAME = "$(TARGET_NAME)";
				SUPPORTED_PLATFORMS = "iphoneos iphonesimulator";
				SUPPORTS_MACCATALYST = NO;
				SUPPORTS_MAC_DESIGNED_FOR_IPHONE_IPAD = NO;
				SUPPORTS_XR_DESIGNED_FOR_IPHONE_IPAD = NO;
				SWIFT_EMIT_LOC_STRINGS = YES;
				SWIFT_VERSION = 5.0;
				TARGETED_DEVICE_FAMILY = "1,2";
			};
			name = Release;
		};
		29E59A422D9672B90078E29B /* Debug */ = {
			isa = XCBuildConfiguration;
			buildSettings = {
				BUNDLE_LOADER = "$(TEST_HOST)";
				CODE_SIGN_STYLE = Automatic;
				CURRENT_PROJECT_VERSION = 1;
				GENERATE_INFOPLIST_FILE = YES;
				IPHONEOS_DEPLOYMENT_TARGET = 18.2;
				MARKETING_VERSION = 1.0;
				PRODUCT_BUNDLE_IDENTIFIER = "NateLabs.ECG-PiTests";
				PRODUCT_NAME = "$(TARGET_NAME)";
				SUPPORTED_PLATFORMS = "iphoneos iphonesimulator";
				SUPPORTS_MACCATALYST = NO;
				SUPPORTS_MAC_DESIGNED_FOR_IPHONE_IPAD = NO;
				SUPPORTS_XR_DESIGNED_FOR_IPHONE_IPAD = NO;
				SWIFT_EMIT_LOC_STRINGS = NO;
				SWIFT_VERSION = 5.0;
				TARGETED_DEVICE_FAMILY = "1,2";
				TEST_HOST = "$(BUILT_PRODUCTS_DIR)/ECG_Pi.app/$(BUNDLE_EXECUTABLE_FOLDER_PATH)/ECG_Pi";
			};
			name = Debug;
		};
		29E59A432D9672B90078E29B /* Release */ = {
			isa = XCBuildConfiguration;
			buildSettings = {
				BUNDLE_LOADER = "$(TEST_HOST)";
				CODE_SIGN_STYLE = Automatic;
				CURRENT_PROJECT_VERSION = 1;
				GENERATE_INFOPLIST_FILE = YES;
				IPHONEOS_DEPLOYMENT_TARGET = 18.2;
				MARKETING_VERSION = 1.0;
				PRODUCT_BUNDLE_IDENTIFIER = "NateLabs.ECG-PiTests";
				PRODUCT_NAME = "$(TARGET_NAME)";
				SUPPORTED_PLATFORMS = "iphoneos iphonesimulator";
				SUPPORTS_MACCATALYST = NO;
				SUPPORTS_MAC_DESIGNED_FOR_IPHONE_IPAD = NO;
				SUPPORTS_XR_DESIGNED_FOR_IPHONE_IPAD = NO;
				SWIFT_EMIT_LOC_STRINGS = NO;
				SWIFT_VERSION = 5.0;
				TARGETED_DEVICE_FAMILY = "1,2";
				TEST_HOST = "$(BUILT_PRODUCTS_DIR)/ECG_Pi.app/$(BUNDLE_EXECUTABLE_FOLDER_PATH)/ECG_Pi";
			};
			name = Release;
		};
		29E59A452D9672B90078E29B /* Debug */ = {
			isa = XCBuildConfiguration;
			buildSettings = {
				CODE_SIGN_STYLE = Automatic;
				CURRENT_PROJECT_VERSION = 1;
				GENERATE_INFOPLIST_FILE = YES;
				MARKETING_VERSION = 1.0;
				PRODUCT_BUNDLE_IDENTIFIER = "NateLabs.ECG-PiUITests";
				PRODUCT_NAME = "$(TARGET_NAME)";
				SUPPORTED_PLATFORMS = "iphoneos iphonesimulator";
				SUPPORTS_MACCATALYST = NO;
				SUPPORTS_MAC_DESIGNED_FOR_IPHONE_IPAD = NO;
				SUPPORTS_XR_DESIGNED_FOR_IPHONE_IPAD = NO;
				SWIFT_EMIT_LOC_STRINGS = NO;
				SWIFT_VERSION = 5.0;
				TARGETED_DEVICE_FAMILY = "1,2";
				TEST_TARGET_NAME = ECG_Pi;
			};
			name = Debug;
		};
		29E59A462D9672B90078E29B /* Release */ = {
			isa = XCBuildConfiguration;
			buildSettings = {
				CODE_SIGN_STYLE = Automatic;
				CURRENT_PROJECT_VERSION = 1;
				GENERATE_INFOPLIST_FILE = YES;
				MARKETING_VERSION = 1.0;
				PRODUCT_BUNDLE_IDENTIFIER = "NateLabs.ECG-PiUITests";
				PRODUCT_NAME = "$(TARGET_NAME)";
				SUPPORTED_PLATFORMS = "iphoneos iphonesimulator";
				SUPPORTS_MACCATALYST = NO;
				SUPPORTS_MAC_DESIGNED_FOR_IPHONE_IPAD = NO;
				SUPPORTS_XR_DESIGNED_FOR_IPHONE_IPAD = NO;
				SWIFT_EMIT_LOC_STRINGS = NO;
				SWIFT_VERSION = 5.0;
				TARGETED_DEVICE_FAMILY = "1,2";
				TEST_TARGET_NAME = ECG_Pi;
			};
			name = Release;
		};
/* End XCBuildConfiguration section */

/* Begin XCConfigurationList section */
		29E59A132D9672B60078E29B /* Build configuration list for PBXProject "ECG_Pi" */ = {
			isa = XCConfigurationList;
			buildConfigurations = (
				29E59A3C2D9672B90078E29B /* Debug */,
				29E59A3D2D9672B90078E29B /* Release */,
			);
			defaultConfigurationIsVisible = 0;
			defaultConfigurationName = Release;
		};
		29E59A3E2D9672B90078E29B /* Build configuration list for PBXNativeTarget "ECG_Pi" */ = {
			isa = XCConfigurationList;
			buildConfigurations = (
				29E59A3F2D9672B90078E29B /* Debug */,
				29E59A402D9672B90078E29B /* Release */,
			);
			defaultConfigurationIsVisible = 0;
			defaultConfigurationName = Release;
		};
		29E59A412D9672B90078E29B /* Build configuration list for PBXNativeTarget "ECG_PiTests" */ = {
			isa = XCConfigurationList;
			buildConfigurations = (
				29E59A422D9672B90078E29B /* Debug */,
				29E59A432D9672B90078E29B /* Release */,
			);
			defaultConfigurationIsVisible = 0;
			defaultConfigurationName = Release;
		};
		29E59A442D9672B90078E29B /* Build configuration list for PBXNativeTarget "ECG_PiUITests" */ = {
			isa = XCConfigurationList;
			buildConfigurations = (
				29E59A452D9672B90078E29B /* Debug */,
				29E59A462D9672B90078E29B /* Release */,
			);
			defaultConfigurationIsVisible = 0;
			defaultConfigurationName = Release;
		};
/* End XCConfigurationList section */

/* Begin XCRemoteSwiftPackageReference section */
		297F17762D9686CD003B78E0 /* XCRemoteSwiftPackageReference "firebase-ios-sdk" */ = {
			isa = XCRemoteSwiftPackageReference;
			repositoryURL = "https://github.com/firebase/firebase-ios-sdk.git";
			requirement = {
				kind = upToNextMajorVersion;
				minimumVersion = 11.10.0;
			};
		};
/* End XCRemoteSwiftPackageReference section */

/* Begin XCSwiftPackageProductDependency section */
		2957E2132D99454600FD00A1 /* FirebaseAnalytics */ = {
			isa = XCSwiftPackageProductDependency;
			productName = FirebaseAnalytics;
		};
		2957E2152D99454600FD00A1 /* FirebaseAnalyticsOnDeviceConversion */ = {
			isa = XCSwiftPackageProductDependency;
			productName = FirebaseAnalyticsOnDeviceConversion;
		};
		2957E2172D99454600FD00A1 /* FirebaseAnalyticsWithoutAdIdSupport */ = {
			isa = XCSwiftPackageProductDependency;
			productName = FirebaseAnalyticsWithoutAdIdSupport;
		};
		2957E2192D99454600FD00A1 /* FirebaseAppCheck */ = {
			isa = XCSwiftPackageProductDependency;
			productName = FirebaseAppCheck;
		};
		2957E21B2D99454600FD00A1 /* FirebaseAppDistribution-Beta */ = {
			isa = XCSwiftPackageProductDependency;
			productName = "FirebaseAppDistribution-Beta";
		};
		2957E21D2D99454600FD00A1 /* FirebaseAuthCombine-Community */ = {
			isa = XCSwiftPackageProductDependency;
			productName = "FirebaseAuthCombine-Community";
		};
		2986F85B2D97B09E0064983F /* FirebaseCore */ = {
			isa = XCSwiftPackageProductDependency;
			package = 297F17762D9686CD003B78E0 /* XCRemoteSwiftPackageReference "firebase-ios-sdk" */;
			productName = FirebaseCore;
		};
		2986F85D2D97B0A40064983F /* FirebaseAuth */ = {
			isa = XCSwiftPackageProductDependency;
			package = 297F17762D9686CD003B78E0 /* XCRemoteSwiftPackageReference "firebase-ios-sdk" */;
			productName = FirebaseAuth;
		};
		2986F85F2D97B0AA0064983F /* FirebaseFirestore */ = {
			isa = XCSwiftPackageProductDependency;
			package = 297F17762D9686CD003B78E0 /* XCRemoteSwiftPackageReference "firebase-ios-sdk" */;
			productName = FirebaseFirestore;
		};
		299BBF022D97EF8500AF9C8C /* FirebaseDatabase */ = {
			isa = XCSwiftPackageProductDependency;
			package = 297F17762D9686CD003B78E0 /* XCRemoteSwiftPackageReference "firebase-ios-sdk" */;
			productName = FirebaseDatabase;
		};
/* End XCSwiftPackageProductDependency section */
	};
	rootObject = 29E59A102D9672B60078E29B /* Project object */;
}
